
Microsoft Visual Studio Solution File, Format Version 12.00
# Visual Studio 15
VisualStudioVersion = 15.0.27703.2035
MinimumVisualStudioVersion = 10.0.40219.1
Project("{9A19103F-16F7-4668-BE54-9A1E7A4F7556}") = "TensorFlowSharpInceptionV3", "TensorFlowSharpInceptionV3\TensorFlowSharpInceptionV3.csproj", "{27157FCD-D1F3-4C80-B84C-69EFED6B3F93}"
EndProject
Project("{888888A0-9F3D-457C-B088-3A5042F75D52}") = "PythonApplication", "PythonApplication\PythonApplication.pyproj", "{B8C31667-02FB-423E-A337-B636646E4A84}"
EndProject
Global
	GlobalSection(SolutionConfigurationPlatforms) = preSolution
		Debug|Any CPU = Debug|Any CPU
		Release|Any CPU = Release|Any CPU
	EndGlobalSection
	GlobalSection(ProjectConfigurationPlatforms) = postSolution
		{27157FCD-D1F3-4C80-B84C-69EFED6B3F93}.Debug|Any CPU.ActiveCfg = Debug|Any CPU
		{27157FCD-D1F3-4C80-B84C-69EFED6B3F93}.Debug|Any CPU.Build.0 = Debug|Any CPU
		{27157FCD-D1F3-4C80-B84C-69EFED6B3F93}.Release|Any CPU.ActiveCfg = Release|Any CPU
		{27157FCD-D1F3-4C80-B84C-69EFED6B3F93}.Release|Any CPU.Build.0 = Release|Any CPU
		{B8C31667-02FB-423E-A337-B636646E4A84}.Debug|Any CPU.ActiveCfg = Debug|Any CPU
		{B8C31667-02FB-423E-A337-B636646E4A84}.Release|Any CPU.ActiveCfg = Release|Any CPU
	EndGlobalSection
	GlobalSection(SolutionProperties) = preSolution
		HideSolutionNode = FALSE
	EndGlobalSection
	GlobalSection(ExtensibilityGlobals) = postSolution
		SolutionGuid = {E73367F8-27BE-467D-AD7D-085E56850BC9}
	EndGlobalSection
EndGlobal
